{
  "requires": true,
  "lockfileVersion": 1,
  "dependencies": {
    "overlapping-marker-spiderfier-leaflet": {
      "version": "0.2.7",
      "resolved": "https://registry.npmjs.org/overlapping-marker-spiderfier-leaflet/-/overlapping-marker-spiderfier-leaflet-0.2.7.tgz",
      "integrity": "sha512-U2biV2Ge0SU+4IEmq4BZOglvzA8Aj8G7/hp5v6lBnF9Kd3/Xf6ZEPsJyPOExtLvMxOqlrlTAfl55s6JJDND7Ew=="
    }
  }
}
